
Microsoft Visual Studio Solution File, Format Version 12.00
# Visual Studio 14
VisualStudioVersion = 14.0.25420.1
MinimumVisualStudioVersion = 10.0.40219.1
Project("{FAE04EC0-301F-11D3-BF4B-00C04F79EFBC}") = "Static Report", "Static Report\Static Report.csproj", "{80C40377-E815-4FD2-BCB1-806ED21C1A4F}"
EndProject
Project("{FAE04EC0-301F-11D3-BF4B-00C04F79EFBC}") = "Absensi", "DXApplication1\Absensi\Absensi.csproj", "{49525971-1872-48B5-9511-400C188ABD0A}"
EndProject
Global
	GlobalSection(SolutionConfigurationPlatforms) = preSolution
		Debug|Any CPU = Debug|Any CPU
		Release|Any CPU = Release|Any CPU
	EndGlobalSection
	GlobalSection(ProjectConfigurationPlatforms) = postSolution
		{80C40377-E815-4FD2-BCB1-806ED21C1A4F}.Debug|Any CPU.ActiveCfg = Debug|Any CPU
		{80C40377-E815-4FD2-BCB1-806ED21C1A4F}.Debug|Any CPU.Build.0 = Debug|Any CPU
		{80C40377-E815-4FD2-BCB1-806ED21C1A4F}.Release|Any CPU.ActiveCfg = Release|Any CPU
		{80C40377-E815-4FD2-BCB1-806ED21C1A4F}.Release|Any CPU.Build.0 = Release|Any CPU
		{49525971-1872-48B5-9511-400C188ABD0A}.Debug|Any CPU.ActiveCfg = Debug|Any CPU
		{49525971-1872-48B5-9511-400C188ABD0A}.Debug|Any CPU.Build.0 = Debug|Any CPU
		{49525971-1872-48B5-9511-400C188ABD0A}.Release|Any CPU.ActiveCfg = Release|Any CPU
		{49525971-1872-48B5-9511-400C188ABD0A}.Release|Any CPU.Build.0 = Release|Any CPU
	EndGlobalSection
	GlobalSection(SolutionProperties) = preSolution
		HideSolutionNode = FALSE
	EndGlobalSection
EndGlobal
